
Microsoft Visual Studio Solution File, Format Version 12.00
# Visual Studio Version 16
VisualStudioVersion = 16.0.31019.35
MinimumVisualStudioVersion = 10.0.40219.1
Project("{9A19103F-16F7-4668-BE54-9A1E7A4F7556}") = "DataAccess", "DataAccess\DataAccess.csproj", "{8D7AD138-ECAC-403B-B92C-966CD57842FA}"
EndProject
Project("{9A19103F-16F7-4668-BE54-9A1E7A4F7556}") = "Business", "Business\Business.csproj", "{9D43FE08-2936-4E93-823A-655DC1865BBA}"
EndProject
Project("{9A19103F-16F7-4668-BE54-9A1E7A4F7556}") = "Entities", "Entities\Entities.csproj", "{4A854C35-B432-4468-BB69-B6FD65DB43E2}"
EndProject
Project("{9A19103F-16F7-4668-BE54-9A1E7A4F7556}") = "ConsoleUI", "ConsoleUI\ConsoleUI.csproj", "{ABEC12B3-FA0E-4D6E-AC7C-91AB3F7666BF}"
EndProject
Project("{9A19103F-16F7-4668-BE54-9A1E7A4F7556}") = "Core", "Core\Core.csproj", "{254AB08C-E8BA-4212-8AD2-04306E981BE4}"
EndProject
Project("{FAE04EC0-301F-11D3-BF4B-00C04F79EFBC}") = "WebAPI", "WebAPI\WebAPI.csproj", "{CF77461B-4428-44B0-BCE9-7D5FF3FF6150}"
EndProject
Global
	GlobalSection(SolutionConfigurationPlatforms) = preSolution
		Debug|Any CPU = Debug|Any CPU
		Release|Any CPU = Release|Any CPU
	EndGlobalSection
	GlobalSection(ProjectConfigurationPlatforms) = postSolution
		{8D7AD138-ECAC-403B-B92C-966CD57842FA}.Debug|Any CPU.ActiveCfg = Debug|Any CPU
		{8D7AD138-ECAC-403B-B92C-966CD57842FA}.Debug|Any CPU.Build.0 = Debug|Any CPU
		{8D7AD138-ECAC-403B-B92C-966CD57842FA}.Release|Any CPU.ActiveCfg = Release|Any CPU
		{8D7AD138-ECAC-403B-B92C-966CD57842FA}.Release|Any CPU.Build.0 = Release|Any CPU
		{9D43FE08-2936-4E93-823A-655DC1865BBA}.Debug|Any CPU.ActiveCfg = Debug|Any CPU
		{9D43FE08-2936-4E93-823A-655DC1865BBA}.Debug|Any CPU.Build.0 = Debug|Any CPU
		{9D43FE08-2936-4E93-823A-655DC1865BBA}.Release|Any CPU.ActiveCfg = Release|Any CPU
		{9D43FE08-2936-4E93-823A-655DC1865BBA}.Release|Any CPU.Build.0 = Release|Any CPU
		{4A854C35-B432-4468-BB69-B6FD65DB43E2}.Debug|Any CPU.ActiveCfg = Debug|Any CPU
		{4A854C35-B432-4468-BB69-B6FD65DB43E2}.Debug|Any CPU.Build.0 = Debug|Any CPU
		{4A854C35-B432-4468-BB69-B6FD65DB43E2}.Release|Any CPU.ActiveCfg = Release|Any CPU
		{4A854C35-B432-4468-BB69-B6FD65DB43E2}.Release|Any CPU.Build.0 = Release|Any CPU
		{ABEC12B3-FA0E-4D6E-AC7C-91AB3F7666BF}.Debug|Any CPU.ActiveCfg = Debug|Any CPU
		{ABEC12B3-FA0E-4D6E-AC7C-91AB3F7666BF}.Debug|Any CPU.Build.0 = Debug|Any CPU
		{ABEC12B3-FA0E-4D6E-AC7C-91AB3F7666BF}.Release|Any CPU.ActiveCfg = Release|Any CPU
		{ABEC12B3-FA0E-4D6E-AC7C-91AB3F7666BF}.Release|Any CPU.Build.0 = Release|Any CPU
		{254AB08C-E8BA-4212-8AD2-04306E981BE4}.Debug|Any CPU.ActiveCfg = Debug|Any CPU
		{254AB08C-E8BA-4212-8AD2-04306E981BE4}.Debug|Any CPU.Build.0 = Debug|Any CPU
		{254AB08C-E8BA-4212-8AD2-04306E981BE4}.Release|Any CPU.ActiveCfg = Release|Any CPU
		{254AB08C-E8BA-4212-8AD2-04306E981BE4}.Release|Any CPU.Build.0 = Release|Any CPU
		{CF77461B-4428-44B0-BCE9-7D5FF3FF6150}.Debug|Any CPU.ActiveCfg = Debug|Any CPU
		{CF77461B-4428-44B0-BCE9-7D5FF3FF6150}.Debug|Any CPU.Build.0 = Debug|Any CPU
		{CF77461B-4428-44B0-BCE9-7D5FF3FF6150}.Release|Any CPU.ActiveCfg = Release|Any CPU
		{CF77461B-4428-44B0-BCE9-7D5FF3FF6150}.Release|Any CPU.Build.0 = Release|Any CPU
	EndGlobalSection
	GlobalSection(SolutionProperties) = preSolution
		HideSolutionNode = FALSE
	EndGlobalSection
	GlobalSection(ExtensibilityGlobals) = postSolution
		SolutionGuid = {936F152E-AA91-4403-857A-65420B164076}
	EndGlobalSection
EndGlobal
